Microsoft Visual Studio Solution File, Format Version 8.00
Project("{8BC9CEB8-8B4A-11D0-8D11-00A0C91BC942}") = "GDSmIRCIndex", "GDSmIRCIndex.vcproj", "{B63698FA-DC19-495D-825A-B1903AC9BA9E}"
	ProjectSection(ProjectDependencies) = postProject
	EndProjectSection
EndProject
Global
	GlobalSection(SolutionConfiguration) = preSolution
		Debug = Debug
		Release = Release
	EndGlobalSection
	GlobalSection(ProjectConfiguration) = postSolution
		{B63698FA-DC19-495D-825A-B1903AC9BA9E}.Debug.ActiveCfg = Debug|Win32
		{B63698FA-DC19-495D-825A-B1903AC9BA9E}.Debug.Build.0 = Debug|Win32
		{B63698FA-DC19-495D-825A-B1903AC9BA9E}.Release.ActiveCfg = Release|Win32
		{B63698FA-DC19-495D-825A-B1903AC9BA9E}.Release.Build.0 = Release|Win32
	EndGlobalSection
	GlobalSection(ExtensibilityGlobals) = postSolution
	EndGlobalSection
	GlobalSection(ExtensibilityAddIns) = postSolution
	EndGlobalSection
EndGlobal
